// !$*UTF8*$!
{
	archiveVersion = 1;
	classes = {
	};
	objectVersion = 46;
	objects = {

/* Begin PBXBuildFile section */
		1EA92E791A159F8A0049D3E2 /* AppDelegate.swift in Sources */ = {isa = PBXBuildFile; fileRef = 1EA92E781A159F8A0049D3E2 /* AppDelegate.swift */; };
		1EA92E7C1A159F8A0049D3E2 /* Dorm_Board.xcdatamodeld in Sources */ = {isa = PBXBuildFile; fileRef = 1EA92E7A1A159F8A0049D3E2 /* Dorm_Board.xcdatamodeld */; };
		1EA92E7E1A159F8A0049D3E2 /* ViewController.swift in Sources */ = {isa = PBXBuildFile; fileRef = 1EA92E7D1A159F8A0049D3E2 /* ViewController.swift */; };
		1EA92E811A159F8A0049D3E2 /* Main.storyboard in Resources */ = {isa = PBXBuildFile; fileRef = 1EA92E7F1A159F8A0049D3E2 /* Main.storyboard */; };
		1EA92E831A159F8A0049D3E2 /* Images.xcassets in Resources */ = {isa = PBXBuildFile; fileRef = 1EA92E821A159F8A0049D3E2 /* Images.xcassets */; };
		1EA92E861A159F8A0049D3E2 /* LaunchScreen.xib in Resources */ = {isa = PBXBuildFile; fileRef = 1EA92E841A159F8A0049D3E2 /* LaunchScreen.xib */; };
		1EA92E921A159F8A0049D3E2 /* Dorm_BoardTests.swift in Sources */ = {isa = PBXBuildFile; fileRef = 1EA92E911A159F8A0049D3E2 /* Dorm_BoardTests.swift */; };
		1EA92E9C1A15A52C0049D3E2 /* SignupViewController.swift in Sources */ = {isa = PBXBuildFile; fileRef = 1EA92E9B1A15A52C0049D3E2 /* SignupViewController.swift */; };
		1EA92EA21A15A8AE0049D3E2 /* AudioToolbox.framework in Frameworks */ = {isa = PBXBuildFile; fileRef = 1EA92EA11A15A8AE0049D3E2 /* AudioToolbox.framework */; };
		1EA92EA41A15A8B30049D3E2 /* CFNetwork.framework in Frameworks */ = {isa = PBXBuildFile; fileRef = 1EA92EA31A15A8B30049D3E2 /* CFNetwork.framework */; };
		1EA92EA61A15A8B80049D3E2 /* CoreGraphics.framework in Frameworks */ = {isa = PBXBuildFile; fileRef = 1EA92EA51A15A8B80049D3E2 /* CoreGraphics.framework */; };
		1EA92EA81A15A8BE0049D3E2 /* CoreLocation.framework in Frameworks */ = {isa = PBXBuildFile; fileRef = 1EA92EA71A15A8BE0049D3E2 /* CoreLocation.framework */; };
		1EA92EAA1A15A8C40049D3E2 /* libz.dylib in Frameworks */ = {isa = PBXBuildFile; fileRef = 1EA92EA91A15A8C40049D3E2 /* libz.dylib */; };
		1EA92EAC1A15A8CA0049D3E2 /* MobileCoreServices.framework in Frameworks */ = {isa = PBXBuildFile; fileRef = 1EA92EAB1A15A8CA0049D3E2 /* MobileCoreServices.framework */; };
		1EA92EAE1A15A8D00049D3E2 /* QuartzCore.framework in Frameworks */ = {isa = PBXBuildFile; fileRef = 1EA92EAD1A15A8D00049D3E2 /* QuartzCore.framework */; };
		1EA92EB01A15A8D90049D3E2 /* Security.framework in Frameworks */ = {isa = PBXBuildFile; fileRef = 1EA92EAF1A15A8D90049D3E2 /* Security.framework */; };
		1EA92EB21A15A8DE0049D3E2 /* StoreKit.framework in Frameworks */ = {isa = PBXBuildFile; fileRef = 1EA92EB11A15A8DE0049D3E2 /* StoreKit.framework */; };
		1EA92EB41A15A8E40049D3E2 /* SystemConfiguration.framework in Frameworks */ = {isa = PBXBuildFile; fileRef = 1EA92EB31A15A8E40049D3E2 /* SystemConfiguration.framework */; };
		1EA92EB71A15A90E0049D3E2 /* Bolts.framework in Frameworks */ = {isa = PBXBuildFile; fileRef = 1EA92EB51A15A90E0049D3E2 /* Bolts.framework */; };
		1EA92EB81A15A90E0049D3E2 /* Parse.framework in Frameworks */ = {isa = PBXBuildFile; fileRef = 1EA92EB61A15A90E0049D3E2 /* Parse.framework */; };
/* End PBXBuildFile section */

/* Begin PBXContainerItemProxy section */
		1EA92E8C1A159F8A0049D3E2 /* PBXContainerItemProxy */ = {
			isa = PBXContainerItemProxy;
			containerPortal = 1EA92E6B1A159F8A0049D3E2 /* Project object */;
			proxyType = 1;
			remoteGlobalIDString = 1EA92E721A159F8A0049D3E2;
			remoteInfo = "Dorm Board";
		};
/* End PBXContainerItemProxy section */

/* Begin PBXFileReference section */
		1EA92E731A159F8A0049D3E2 /* Dorm Board.app */ = {isa = PBXFileReference; explicitFileType = wrapper.application; includeInIndex = 0; path = "Dorm Board.app"; sourceTree = BUILT_PRODUCTS_DIR; };
		1EA92E771A159F8A0049D3E2 /* Info.plist */ = {isa = PBXFileReference; lastKnownFileType = text.plist.xml; path = Info.plist; sourceTree = "<group>"; };
		1EA92E781A159F8A0049D3E2 /* AppDelegate.swift */ = {isa = PBXFileReference; lastKnownFileType = sourcecode.swift; path = AppDelegate.swift; sourceTree = "<group>"; };
		1EA92E7B1A159F8A0049D3E2 /* Dorm_Board.xcdatamodel */ = {isa = PBXFileReference; lastKnownFileType = wrapper.xcdatamodel; path = Dorm_Board.xcdatamodel; sourceTree = "<group>"; };
		1EA92E7D1A159F8A0049D3E2 /* ViewController.swift */ = {isa = PBXFileReference; lastKnownFileType = sourcecode.swift; path = ViewController.swift; sourceTree = "<group>"; };
		1EA92E801A159F8A0049D3E2 /* Base */ = {isa = PBXFileReference; lastKnownFileType = file.storyboard; name = Base; path = Base.lproj/Main.storyboard; sourceTree = "<group>"; };
		1EA92E821A159F8A0049D3E2 /* Images.xcassets */ = {isa = PBXFileReference; lastKnownFileType = folder.assetcatalog; path = Images.xcassets; sourceTree = "<group>"; };
		1EA92E851A159F8A0049D3E2 /* Base */ = {isa = PBXFileReference; lastKnownFileType = file.xib; name = Base; path = Base.lproj/LaunchScreen.xib; sourceTree = "<group>"; };
		1EA92E8B1A159F8A0049D3E2 /* Dorm BoardTests.xctest */ = {isa = PBXFileReference; explicitFileType = wrapper.cfbundle; includeInIndex = 0; path = "Dorm BoardTests.xctest"; sourceTree = BUILT_PRODUCTS_DIR; };
		1EA92E901A159F8A0049D3E2 /* Info.plist */ = {isa = PBXFileReference; lastKnownFileType = text.plist.xml; path = Info.plist; sourceTree = "<group>"; };
		1EA92E911A159F8A0049D3E2 /* Dorm_BoardTests.swift */ = {isa = PBXFileReference; lastKnownFileType = sourcecode.swift; path = Dorm_BoardTests.swift; sourceTree = "<group>"; };
		1EA92E9B1A15A52C0049D3E2 /* SignupViewController.swift */ = {isa = PBXFileReference; fileEncoding = 4; lastKnownFileType = sourcecode.swift; path = SignupViewController.swift; sourceTree = "<group>"; };
		1EA92EA11A15A8AE0049D3E2 /* AudioToolbox.framework */ = {isa = PBXFileReference; lastKnownFileType = wrapper.framework; name = AudioToolbox.framework; path = System/Library/Frameworks/AudioToolbox.framework; sourceTree = SDKROOT; };
		1EA92EA31A15A8B30049D3E2 /* CFNetwork.framework */ = {isa = PBXFileReference; lastKnownFileType = wrapper.framework; name = CFNetwork.framework; path = System/Library/Frameworks/CFNetwork.framework; sourceTree = SDKROOT; };
		1EA92EA51A15A8B80049D3E2 /* CoreGraphics.framework */ = {isa = PBXFileReference; lastKnownFileType = wrapper.framework; name = CoreGraphics.framework; path = System/Library/Frameworks/CoreGraphics.framework; sourceTree = SDKROOT; };
		1EA92EA71A15A8BE0049D3E2 /* CoreLocation.framework */ = {isa = PBXFileReference; lastKnownFileType = wrapper.framework; name = CoreLocation.framework; path = System/Library/Frameworks/CoreLocation.framework; sourceTree = SDKROOT; };
		1EA92EA91A15A8C40049D3E2 /* libz.dylib */ = {isa = PBXFileReference; lastKnownFileType = "compiled.mach-o.dylib"; name = libz.dylib; path = usr/lib/libz.dylib; sourceTree = SDKROOT; };
		1EA92EAB1A15A8CA0049D3E2 /* MobileCoreServices.framework */ = {isa = PBXFileReference; lastKnownFileType = wrapper.framework; name = MobileCoreServices.framework; path = System/Library/Frameworks/MobileCoreServices.framework; sourceTree = SDKROOT; };
		1EA92EAD1A15A8D00049D3E2 /* QuartzCore.framework */ = {isa = PBXFileReference; lastKnownFileType = wrapper.framework; name = QuartzCore.framework; path = System/Library/Frameworks/QuartzCore.framework; sourceTree = SDKROOT; };
		1EA92EAF1A15A8D90049D3E2 /* Security.framework */ = {isa = PBXFileReference; lastKnownFileType = wrapper.framework; name = Security.framework; path = System/Library/Frameworks/Security.framework; sourceTree = SDKROOT; };
		1EA92EB11A15A8DE0049D3E2 /* StoreKit.framework */ = {isa = PBXFileReference; lastKnownFileType = wrapper.framework; name = StoreKit.framework; path = System/Library/Frameworks/StoreKit.framework; sourceTree = SDKROOT; };
		1EA92EB31A15A8E40049D3E2 /* SystemConfiguration.framework */ = {isa = PBXFileReference; lastKnownFileType = wrapper.framework; name = SystemConfiguration.framework; path = System/Library/Frameworks/SystemConfiguration.framework; sourceTree = SDKROOT; };
		1EA92EB51A15A90E0049D3E2 /* Bolts.framework */ = {isa = PBXFileReference; lastKnownFileType = wrapper.framework; path = Bolts.framework; sourceTree = "<group>"; };
		1EA92EB61A15A90E0049D3E2 /* Parse.framework */ = {isa = PBXFileReference; lastKnownFileType = wrapper.framework; path = Parse.framework; sourceTree = "<group>"; };
		1EA92EB91A15A9260049D3E2 /* Dorm Board-Bridging-Header.h */ = {isa = PBXFileReference; lastKnownFileType = sourcecode.c.h; path = "Dorm Board-Bridging-Header.h"; sourceTree = "<group>"; };
/* End PBXFileReference section */

/* Begin PBXFrameworksBuildPhase section */
		1EA92E701A159F8A0049D3E2 /* Frameworks */ = {
			isa = PBXFrameworksBuildPhase;
			buildActionMask = 2147483647;
			files = (
				1EA92EB41A15A8E40049D3E2 /* SystemConfiguration.framework in Frameworks */,
				1EA92EB21A15A8DE0049D3E2 /* StoreKit.framework in Frameworks */,
				1EA92EB01A15A8D90049D3E2 /* Security.framework in Frameworks */,
				1EA92EAE1A15A8D00049D3E2 /* QuartzCore.framework in Frameworks */,
				1EA92EAC1A15A8CA0049D3E2 /* MobileCoreServices.framework in Frameworks */,
				1EA92EAA1A15A8C40049D3E2 /* libz.dylib in Frameworks */,
				1EA92EA81A15A8BE0049D3E2 /* CoreLocation.framework in Frameworks */,
				1EA92EA61A15A8B80049D3E2 /* CoreGraphics.framework in Frameworks */,
				1EA92EB71A15A90E0049D3E2 /* Bolts.framework in Frameworks */,
				1EA92EA41A15A8B30049D3E2 /* CFNetwork.framework in Frameworks */,
				1EA92EB81A15A90E0049D3E2 /* Parse.framework in Frameworks */,
				1EA92EA21A15A8AE0049D3E2 /* AudioToolbox.framework in Frameworks */,
			);
			runOnlyForDeploymentPostprocessing = 0;
		};
		1EA92E881A159F8A0049D3E2 /* Frameworks */ = {
			isa = PBXFrameworksBuildPhase;
			buildActionMask = 2147483647;
			files = (
			);
			runOnlyForDeploymentPostprocessing = 0;
		};
/* End PBXFrameworksBuildPhase section */

/* Begin PBXGroup section */
		1EA92E6A1A159F8A0049D3E2 = {
			isa = PBXGroup;
			children = (
				1EA92EB51A15A90E0049D3E2 /* Bolts.framework */,
				1EA92EB61A15A90E0049D3E2 /* Parse.framework */,
				1EA92EB31A15A8E40049D3E2 /* SystemConfiguration.framework */,
				1EA92EB11A15A8DE0049D3E2 /* StoreKit.framework */,
				1EA92EAF1A15A8D90049D3E2 /* Security.framework */,
				1EA92EAD1A15A8D00049D3E2 /* QuartzCore.framework */,
				1EA92EAB1A15A8CA0049D3E2 /* MobileCoreServices.framework */,
				1EA92EA91A15A8C40049D3E2 /* libz.dylib */,
				1EA92EA71A15A8BE0049D3E2 /* CoreLocation.framework */,
				1EA92EA51A15A8B80049D3E2 /* CoreGraphics.framework */,
				1EA92EA31A15A8B30049D3E2 /* CFNetwork.framework */,
				1EA92EA11A15A8AE0049D3E2 /* AudioToolbox.framework */,
				1EA92E751A159F8A0049D3E2 /* Dorm Board */,
				1EA92E8E1A159F8A0049D3E2 /* Dorm BoardTests */,
				1EA92E741A159F8A0049D3E2 /* Products */,
			);
			sourceTree = "<group>";
		};
		1EA92E741A159F8A0049D3E2 /* Products */ = {
			isa = PBXGroup;
			children = (
				1EA92E731A159F8A0049D3E2 /* Dorm Board.app */,
				1EA92E8B1A159F8A0049D3E2 /* Dorm BoardTests.xctest */,
			);
			name = Products;
			sourceTree = "<group>";
		};
		1EA92E751A159F8A0049D3E2 /* Dorm Board */ = {
			isa = PBXGroup;
			children = (
				1EA92E781A159F8A0049D3E2 /* AppDelegate.swift */,
				1EA92E7D1A159F8A0049D3E2 /* ViewController.swift */,
				1EA92E9B1A15A52C0049D3E2 /* SignupViewController.swift */,
				1EA92E7F1A159F8A0049D3E2 /* Main.storyboard */,
				1EA92E821A159F8A0049D3E2 /* Images.xcassets */,
				1EA92E841A159F8A0049D3E2 /* LaunchScreen.xib */,
				1EA92E7A1A159F8A0049D3E2 /* Dorm_Board.xcdatamodeld */,
				1EA92E761A159F8A0049D3E2 /* Supporting Files */,
				1EA92EB91A15A9260049D3E2 /* Dorm Board-Bridging-Header.h */,
			);
			path = "Dorm Board";
			sourceTree = "<group>";
		};
		1EA92E761A159F8A0049D3E2 /* Supporting Files */ = {
			isa = PBXGroup;
			children = (
				1EA92E771A159F8A0049D3E2 /* Info.plist */,
			);
			name = "Supporting Files";
			sourceTree = "<group>";
		};
		1EA92E8E1A159F8A0049D3E2 /* Dorm BoardTests */ = {
			isa = PBXGroup;
			children = (
				1EA92E911A159F8A0049D3E2 /* Dorm_BoardTests.swift */,
				1EA92E8F1A159F8A0049D3E2 /* Supporting Files */,
			);
			path = "Dorm BoardTests";
			sourceTree = "<group>";
		};
		1EA92E8F1A159F8A0049D3E2 /* Supporting Files */ = {
			isa = PBXGroup;
			children = (
				1EA92E901A159F8A0049D3E2 /* Info.plist */,
			);
			name = "Supporting Files";
			sourceTree = "<group>";
		};
/* End PBXGroup section */

/* Begin PBXNativeTarget section */
		1EA92E721A159F8A0049D3E2 /* Dorm Board */ = {
			isa = PBXNativeTarget;
			buildConfigurationList = 1EA92E951A159F8A0049D3E2 /* Build configuration list for PBXNativeTarget "Dorm Board" */;
			buildPhases = (
				1EA92E6F1A159F8A0049D3E2 /* Sources */,
				1EA92E701A159F8A0049D3E2 /* Frameworks */,
				1EA92E711A159F8A0049D3E2 /* Resources */,
			);
			buildRules = (
			);
			dependencies = (
			);
			name = "Dorm Board";
			productName = "Dorm Board";
			productReference = 1EA92E731A159F8A0049D3E2 /* Dorm Board.app */;
			productType = "com.apple.product-type.application";
		};
		1EA92E8A1A159F8A0049D3E2 /* Dorm BoardTests */ = {
			isa = PBXNativeTarget;
			buildConfigurationList = 1EA92E981A159F8A0049D3E2 /* Build configuration list for PBXNativeTarget "Dorm BoardTests" */;
			buildPhases = (
				1EA92E871A159F8A0049D3E2 /* Sources */,
				1EA92E881A159F8A0049D3E2 /* Frameworks */,
				1EA92E891A159F8A0049D3E2 /* Resources */,
			);
			buildRules = (
			);
			dependencies = (
				1EA92E8D1A159F8A0049D3E2 /* PBXTargetDependency */,
			);
			name = "Dorm BoardTests";
			productName = "Dorm BoardTests";
			productReference = 1EA92E8B1A159F8A0049D3E2 /* Dorm BoardTests.xctest */;
			productType = "com.apple.product-type.bundle.unit-test";
		};
/* End PBXNativeTarget section */

/* Begin PBXProject section */
		1EA92E6B1A159F8A0049D3E2 /* Project object */ = {
			isa = PBXProject;
			attributes = {
				LastUpgradeCheck = 0610;
				ORGANIZATIONNAME = chansung;
				TargetAttributes = {
					1EA92E721A159F8A0049D3E2 = {
						CreatedOnToolsVersion = 6.1;
					};
					1EA92E8A1A159F8A0049D3E2 = {
						CreatedOnToolsVersion = 6.1;
						TestTargetID = 1EA92E721A159F8A0049D3E2;
					};
				};
			};
			buildConfigurationList = 1EA92E6E1A159F8A0049D3E2 /* Build configuration list for PBXProject "Dorm Board" */;
			compatibilityVersion = "Xcode 3.2";
			developmentRegion = English;
			hasScannedForEncodings = 0;
			knownRegions = (
				en,
				Base,
			);
			mainGroup = 1EA92E6A1A159F8A0049D3E2;
			productRefGroup = 1EA92E741A159F8A0049D3E2 /* Products */;
			projectDirPath = "";
			projectRoot = "";
			targets = (
				1EA92E721A159F8A0049D3E2 /* Dorm Board */,
				1EA92E8A1A159F8A0049D3E2 /* Dorm BoardTests */,
			);
		};
/* End PBXProject section */

/* Begin PBXResourcesBuildPhase section */
		1EA92E711A159F8A0049D3E2 /* Resources */ = {
			isa = PBXResourcesBuildPhase;
			buildActionMask = 2147483647;
			files = (
				1EA92E811A159F8A0049D3E2 /* Main.storyboard in Resources */,
				1EA92E861A159F8A0049D3E2 /* LaunchScreen.xib in Resources */,
				1EA92E831A159F8A0049D3E2 /* Images.xcassets in Resources */,
			);
			runOnlyForDeploymentPostprocessing = 0;
		};
		1EA92E891A159F8A0049D3E2 /* Resources */ = {
			isa = PBXResourcesBuildPhase;
			buildActionMask = 2147483647;
			files = (
			);
			runOnlyForDeploymentPostprocessing = 0;
		};
/* End PBXResourcesBuildPhase section */

/* Begin PBXSourcesBuildPhase section */
		1EA92E6F1A159F8A0049D3E2 /* Sources */ = {
			isa = PBXSourcesBuildPhase;
			buildActionMask = 2147483647;
			files = (
				1EA92E7E1A159F8A0049D3E2 /* ViewController.swift in Sources */,
				1EA92E7C1A159F8A0049D3E2 /* Dorm_Board.xcdatamodeld in Sources */,
				1EA92E9C1A15A52C0049D3E2 /* SignupViewController.swift in Sources */,
				1EA92E791A159F8A0049D3E2 /* AppDelegate.swift in Sources */,
			);
			runOnlyForDeploymentPostprocessing = 0;
		};
		1EA92E871A159F8A0049D3E2 /* Sources */ = {
			isa = PBXSourcesBuildPhase;
			buildActionMask = 2147483647;
			files = (
				1EA92E921A159F8A0049D3E2 /* Dorm_BoardTests.swift in Sources */,
			);
			runOnlyForDeploymentPostprocessing = 0;
		};
/* End PBXSourcesBuildPhase section */

/* Begin PBXTargetDependency section */
		1EA92E8D1A159F8A0049D3E2 /* PBXTargetDependency */ = {
			isa = PBXTargetDependency;
			target = 1EA92E721A159F8A0049D3E2 /* Dorm Board */;
			targetProxy = 1EA92E8C1A159F8A0049D3E2 /* PBXContainerItemProxy */;
		};
/* End PBXTargetDependency section */

/* Begin PBXVariantGroup section */
		1EA92E7F1A159F8A0049D3E2 /* Main.storyboard */ = {
			isa = PBXVariantGroup;
			children = (
				1EA92E801A159F8A0049D3E2 /* Base */,
			);
			name = Main.storyboard;
			sourceTree = "<group>";
		};
		1EA92E841A159F8A0049D3E2 /* LaunchScreen.xib */ = {
			isa = PBXVariantGroup;
			children = (
				1EA92E851A159F8A0049D3E2 /* Base */,
			);
			name = LaunchScreen.xib;
			sourceTree = "<group>";
		};
/* End PBXVariantGroup section */

/* Begin XCBuildConfiguration section */
		1EA92E931A159F8A0049D3E2 /* Debug */ = {
			isa = XCBuildConfiguration;
			buildSettings = {
				ALWAYS_SEARCH_USER_PATHS = NO;
				CLANG_CXX_LANGUAGE_STANDARD = "gnu++0x";
				CLANG_CXX_LIBRARY = "libc++";
				CLANG_ENABLE_MODULES = YES;
				CLANG_ENABLE_OBJC_ARC = YES;
				CLANG_WARN_BOOL_CONVERSION = YES;
				CLANG_WARN_CONSTANT_CONVERSION = YES;
				CLANG_WARN_DIRECT_OBJC_ISA_USAGE = YES_ERROR;
				CLANG_WARN_EMPTY_BODY = YES;
				CLANG_WARN_ENUM_CONVERSION = YES;
				CLANG_WARN_INT_CONVERSION = YES;
				CLANG_WARN_OBJC_ROOT_CLASS = YES_ERROR;
				CLANG_WARN_UNREACHABLE_CODE = YES;
				CLANG_WARN__DUPLICATE_METHOD_MATCH = YES;
				"CODE_SIGN_IDENTITY[sdk=iphoneos*]" = "iPhone Developer";
				COPY_PHASE_STRIP = NO;
				ENABLE_STRICT_OBJC_MSGSEND = YES;
				GCC_C_LANGUAGE_STANDARD = gnu99;
				GCC_DYNAMIC_NO_PIC = NO;
				GCC_OPTIMIZATION_LEVEL = 0;
				GCC_PREPROCESSOR_DEFINITIONS = (
					"DEBUG=1",
					"$(inherited)",
				);
				GCC_SYMBOLS_PRIVATE_EXTERN = NO;
				GCC_WARN_64_TO_32_BIT_CONVERSION = YES;
				GCC_WARN_ABOUT_RETURN_TYPE = YES_ERROR;
				GCC_WARN_UNDECLARED_SELECTOR = YES;
				GCC_WARN_UNINITIALIZED_AUTOS = YES_AGGRESSIVE;
				GCC_WARN_UNUSED_FUNCTION = YES;
				GCC_WARN_UNUSED_VARIABLE = YES;
				IPHONEOS_DEPLOYMENT_TARGET = 8.1;
				MTL_ENABLE_DEBUG_INFO = YES;
				ONLY_ACTIVE_ARCH = YES;
				SDKROOT = iphoneos;
				SWIFT_OPTIMIZATION_LEVEL = "-Onone";
			};
			name = Debug;
		};
		1EA92E941A159F8A0049D3E2 /* Release */ = {
			isa = XCBuildConfiguration;
			buildSettings = {
				ALWAYS_SEARCH_USER_PATHS = NO;
				CLANG_CXX_LANGUAGE_STANDARD = "gnu++0x";
				CLANG_CXX_LIBRARY = "libc++";
				CLANG_ENABLE_MODULES = YES;
				CLANG_ENABLE_OBJC_ARC = YES;
				CLANG_WARN_BOOL_CONVERSION = YES;
				CLANG_WARN_CONSTANT_CONVERSION = YES;
				CLANG_WARN_DIRECT_OBJC_ISA_USAGE = YES_ERROR;
				CLANG_WARN_EMPTY_BODY = YES;
				CLANG_WARN_ENUM_CONVERSION = YES;
				CLANG_WARN_INT_CONVERSION = YES;
				CLANG_WARN_OBJC_ROOT_CLASS = YES_ERROR;
				CLANG_WARN_UNREACHABLE_CODE = YES;
				CLANG_WARN__DUPLICATE_METHOD_MATCH = YES;
				"CODE_SIGN_IDENTITY[sdk=iphoneos*]" = "iPhone Developer";
				COPY_PHASE_STRIP = YES;
				ENABLE_NS_ASSERTIONS = NO;
				ENABLE_STRICT_OBJC_MSGSEND = YES;
				GCC_C_LANGUAGE_STANDARD = gnu99;
				GCC_WARN_64_TO_32_BIT_CONVERSION = YES;
				GCC_WARN_ABOUT_RETURN_TYPE = YES_ERROR;
				GCC_WARN_UNDECLARED_SELECTOR = YES;
				GCC_WARN_UNINITIALIZED_AUTOS = YES_AGGRESSIVE;
				GCC_WARN_UNUSED_FUNCTION = YES;
				GCC_WARN_UNUSED_VARIABLE = YES;
				IPHONEOS_DEPLOYMENT_TARGET = 8.1;
				MTL_ENABLE_DEBUG_INFO = NO;
				SDKROOT = iphoneos;
				VALIDATE_PRODUCT = YES;
			};
			name = Release;
		};
		1EA92E961A159F8A0049D3E2 /* Debug */ = {
			isa = XCBuildConfiguration;
			buildSettings = {
				ASSETCATALOG_COMPILER_APPICON_NAME = AppIcon;
				CLANG_ENABLE_MODULES = YES;
				FRAMEWORK_SEARCH_PATHS = (
					"$(inherited)",
					"$(PROJECT_DIR)/Dorm",
					Board,
					"$(PROJECT_DIR)",
				);
				INFOPLIST_FILE = "Dorm Board/Info.plist";
				LD_RUNPATH_SEARCH_PATHS = "$(inherited) @executable_path/Frameworks";
				PRODUCT_NAME = "$(TARGET_NAME)";
				SWIFT_OBJC_BRIDGING_HEADER = "Dorm Board/Dorm Board-Bridging-Header.h";
				SWIFT_OPTIMIZATION_LEVEL = "-Onone";
			};
			name = Debug;
		};
		1EA92E971A159F8A0049D3E2 /* Release */ = {
			isa = XCBuildConfiguration;
			buildSettings = {
				ASSETCATALOG_COMPILER_APPICON_NAME = AppIcon;
				CLANG_ENABLE_MODULES = YES;
				FRAMEWORK_SEARCH_PATHS = (
					"$(inherited)",
					"$(PROJECT_DIR)/Dorm",
					Board,
					"$(PROJECT_DIR)",
				);
				INFOPLIST_FILE = "Dorm Board/Info.plist";
				LD_RUNPATH_SEARCH_PATHS = "$(inherited) @executable_path/Frameworks";
				PRODUCT_NAME = "$(TARGET_NAME)";
				SWIFT_OBJC_BRIDGING_HEADER = "Dorm Board/Dorm Board-Bridging-Header.h";
			};
			name = Release;
		};
		1EA92E991A159F8A0049D3E2 /* Debug */ = {
			isa = XCBuildConfiguration;
			buildSettings = {
				BUNDLE_LOADER = "$(TEST_HOST)";
				FRAMEWORK_SEARCH_PATHS = (
					"$(SDKROOT)/Developer/Library/Frameworks",
					"$(inherited)",
				);
				GCC_PREPROCESSOR_DEFINITIONS = (
					"DEBUG=1",
					"$(inherited)",
				);
				INFOPLIST_FILE = "Dorm BoardTests/Info.plist";
				LD_RUNPATH_SEARCH_PATHS = "$(inherited) @executable_path/Frameworks @loader_path/Frameworks";
				PRODUCT_NAME = "$(TARGET_NAME)";
				TEST_HOST = "$(BUILT_PRODUCTS_DIR)/Dorm Board.app/Dorm Board";
			};
			name = Debug;
		};
		1EA92E9A1A159F8A0049D3E2 /* Release */ = {
			isa = XCBuildConfiguration;
			buildSettings = {
				BUNDLE_LOADER = "$(TEST_HOST)";
				FRAMEWORK_SEARCH_PATHS = (
					"$(SDKROOT)/Developer/Library/Frameworks",
					"$(inherited)",
				);
				INFOPLIST_FILE = "Dorm BoardTests/Info.plist";
				LD_RUNPATH_SEARCH_PATHS = "$(inherited) @executable_path/Frameworks @loader_path/Frameworks";
				PRODUCT_NAME = "$(TARGET_NAME)";
				TEST_HOST = "$(BUILT_PRODUCTS_DIR)/Dorm Board.app/Dorm Board";
			};
			name = Release;
		};
/* End XCBuildConfiguration section */

/* Begin XCConfigurationList section */
		1EA92E6E1A159F8A0049D3E2 /* Build configuration list for PBXProject "Dorm Board" */ = {
			isa = XCConfigurationList;
			buildConfigurations = (
				1EA92E931A159F8A0049D3E2 /* Debug */,
				1EA92E941A159F8A0049D3E2 /* Release */,
			);
			defaultConfigurationIsVisible = 0;
			defaultConfigurationName = Release;
		};
		1EA92E951A159F8A0049D3E2 /* Build configuration list for PBXNativeTarget "Dorm Board" */ = {
			isa = XCConfigurationList;
			buildConfigurations = (
				1EA92E961A159F8A0049D3E2 /* Debug */,
				1EA92E971A159F8A0049D3E2 /* Release */,
			);
			defaultConfigurationIsVisible = 0;
		};
		1EA92E981A159F8A0049D3E2 /* Build configuration list for PBXNativeTarget "Dorm BoardTests" */ = {
			isa = XCConfigurationList;
			buildConfigurations = (
				1EA92E991A159F8A0049D3E2 /* Debug */,
				1EA92E9A1A159F8A0049D3E2 /* Release */,
			);
			defaultConfigurationIsVisible = 0;
		};
/* End XCConfigurationList section */

/* Begin XCVersionGroup section */
		1EA92E7A1A159F8A0049D3E2 /* Dorm_Board.xcdatamodeld */ = {
			isa = XCVersionGroup;
			children = (
				1EA92E7B1A159F8A0049D3E2 /* Dorm_Board.xcdatamodel */,
			);
			currentVersion = 1EA92E7B1A159F8A0049D3E2 /* Dorm_Board.xcdatamodel */;
			path = Dorm_Board.xcdatamodeld;
			sourceTree = "<group>";
			versionGroupType = wrapper.xcdatamodel;
		};
/* End XCVersionGroup section */
	};
	rootObject = 1EA92E6B1A159F8A0049D3E2 /* Project object */;
}
